# @generated - this file is auto-generated by `mise lock` https://mise.jdx.dev/dev-tools/mise-lock.html

[[tools."github:nikitabobko/AeroSpace"]]
version = "0.21.3-Beta"
backend = "github:nikitabobko/AeroSpace"

[tools."github:nikitabobko/AeroSpace".options]
asset_pattern = "AeroSpace-v*.zip"

[tools."github:nikitabobko/AeroSpace"."platforms.linux-arm64"]
checksum = "sha256:bdbd3fedb3a41bdd3987d241dd5cc1d8b74a56fdbc0d76a98e6925c5cfef4ce4"
url = "https://github.com/nikitabobko/AeroSpace/releases/download/v0.21.3-Beta/AeroSpace-v0.21.3-Beta.zip"
url_api = "https://api.github.com/repos/nikitabobko/AeroSpace/releases/assets/479362956"
provenance = "github-attestations"

[tools."github:nikitabobko/AeroSpace"."platforms.linux-x64"]
checksum = "sha256:bdbd3fedb3a41bdd3987d241dd5cc1d8b74a56fdbc0d76a98e6925c5cfef4ce4"
url = "https://github.com/nikitabobko/AeroSpace/releases/download/v0.21.3-Beta/AeroSpace-v0.21.3-Beta.zip"
url_api = "https://api.github.com/repos/nikitabobko/AeroSpace/releases/assets/479362956"
provenance = "github-attestations"

[tools."github:nikitabobko/AeroSpace"."platforms.macos-arm64"]
checksum = "sha256:bdbd3fedb3a41bdd3987d241dd5cc1d8b74a56fdbc0d76a98e6925c5cfef4ce4"
url = "https://github.com/nikitabobko/AeroSpace/releases/download/v0.21.3-Beta/AeroSpace-v0.21.3-Beta.zip"
url_api = "https://api.github.com/repos/nikitabobko/AeroSpace/releases/assets/479362956"
provenance = "github-attestations"
provenance_verified = true

[[tools.opencode]]
version = "1.18.15"
backend = "aqua:anomalyco/opencode"

[tools.opencode."platforms.linux-arm64"]
checksum = "sha256:500611819ff88916b185649990505a9be76ad13ca5bb4b9323e5abdd39b1c6fb"
url = "https://github.com/anomalyco/opencode/releases/download/v1.18.15/opencode-linux-arm64.tar.gz"
url_api = "https://api.github.com/repos/anomalyco/opencode/releases/assets/504765741"

[tools.opencode."platforms.linux-x64"]
checksum = "sha256:d842e0e8c622c672a481b7dc6f0329009b64db96b2ba6041e56f4f93f0293b1c"
url = "https://github.com/anomalyco/opencode/releases/download/v1.18.15/opencode-linux-x64.tar.gz"
url_api = "https://api.github.com/repos/anomalyco/opencode/releases/assets/504765645"

[tools.opencode."platforms.macos-arm64"]
checksum = "sha256:bd60b57cb9fe0494a5352c807424d36d6d7853cf6dbddb97065c7ccd3c5d391c"
url = "https://github.com/anomalyco/opencode/releases/download/v1.18.15/opencode-darwin-arm64.zip"
url_api = "https://api.github.com/repos/anomalyco/opencode/releases/assets/504765572"
