# @generated - this file is auto-generated by `mise lock` https://mise.jdx.dev/dev-tools/mise-lock.html

[[tools."cargo:bacon"]]
version = "3.24.0"
backend = "cargo:bacon"

[[tools."cargo:bat"]]
version = "0.26.1"
backend = "cargo:bat"

[[tools."cargo:bottom"]]
version = "0.14.7"
backend = "cargo:bottom"

[[tools."cargo:cargo-binstall"]]
version = "1.21.1"
backend = "cargo:cargo-binstall"

[[tools."cargo:cargo-deny"]]
version = "0.20.2"
backend = "cargo:cargo-deny"

[[tools."cargo:cargo-fuzz"]]
version = "0.13.2"
backend = "cargo:cargo-fuzz"

[[tools."cargo:cargo-license"]]
version = "0.7.0"
backend = "cargo:cargo-license"

[[tools."cargo:cargo-nextest"]]
version = "0.9.143"
backend = "cargo:cargo-nextest"

[[tools."cargo:cargo-tarpaulin"]]
version = "0.37.0"
backend = "cargo:cargo-tarpaulin"

[[tools."cargo:cargo-update"]]
version = "22.1.1"
backend = "cargo:cargo-update"

[[tools."cargo:cfonts"]]
version = "1.3.0"
backend = "cargo:cfonts"

[[tools."cargo:choose"]]
version = "1.3.7"
backend = "cargo:choose"

[[tools."cargo:code2prompt"]]
version = "4.3.0"
backend = "cargo:code2prompt"

[[tools."cargo:csview"]]
version = "1.3.4"
backend = "cargo:csview"

[[tools."cargo:du-dust"]]
version = "1.2.4"
backend = "cargo:du-dust"

[[tools."cargo:evcxr_jupyter"]]
version = "0.21.1"
backend = "cargo:evcxr_jupyter"

[[tools."cargo:evcxr_repl"]]
version = "0.21.1"
backend = "cargo:evcxr_repl"

[[tools."cargo:eza"]]
version = "0.23.5"
backend = "cargo:eza"

[[tools."cargo:fd-find"]]
version = "10.4.2"
backend = "cargo:fd-find"

[[tools."cargo:flamegraph"]]
version = "0.6.13"
backend = "cargo:flamegraph"

[[tools."cargo:git-cliff"]]
version = "2.13.1"
backend = "cargo:git-cliff"

[[tools."cargo:git-delta"]]
version = "0.19.2"
backend = "cargo:git-delta"

[[tools."cargo:gitui"]]
version = "0.28.1"
backend = "cargo:gitui"

[[tools."cargo:grex"]]
version = "1.4.6"
backend = "cargo:grex"

[[tools."cargo:https://github.com/001TMF/ProteinView.git"]]
version = "rev:9b9a0790bc78f1d2a7c0923905049d27c67c05e2"
backend = "cargo:https://github.com/001TMF/ProteinView.git"

[tools."cargo:https://github.com/001TMF/ProteinView.git".options]
crate = "fetch"

[[tools."cargo:https://github.com/RivoLink/leaf"]]
version = "rev:2d8c48d3c94934f847595ae0c04d834f0471d953"
backend = "cargo:https://github.com/RivoLink/leaf"

[[tools."cargo:https://github.com/devmatteini/dra.git"]]
version = "rev:85b36b6cd50463dd27e943aaddc90669df59efb0"
backend = "cargo:https://github.com/devmatteini/dra.git"

[tools."cargo:https://github.com/devmatteini/dra.git".options]
crate = "dra"

[[tools."cargo:https://github.com/erweixin/RaTeX"]]
version = "rev:08cae05377938391117913ca4f278e6a3ffb6a8a"
backend = "cargo:https://github.com/erweixin/RaTeX"

[tools."cargo:https://github.com/erweixin/RaTeX".options]
crate = "ratex-pdf"
features = "cli"

[[tools."cargo:https://github.com/googleworkspace/cli"]]
version = "rev:a3768d0e82ad83cca2da97724e46bea4ff0e6dbd"
backend = "cargo:https://github.com/googleworkspace/cli"

[[tools."cargo:https://github.com/imsnif/bandwhich.git"]]
version = "rev:1899870cea8bb377948f05cfea64733ec6ea2cd6"
backend = "cargo:https://github.com/imsnif/bandwhich.git"

[[tools."cargo:https://github.com/itsjunetime/tdf.git"]]
version = "rev:c2117daaf5f0ed48906237e345e70eeefdfeb4d3"
backend = "cargo:https://github.com/itsjunetime/tdf.git"

[[tools."cargo:https://github.com/junhoyeo/tokscale.git"]]
version = "rev:141d0f66a313f6e595aefecebdf2a21f0684c85f"
backend = "cargo:https://github.com/junhoyeo/tokscale.git"

[[tools."cargo:https://github.com/mogura-rs/mdtraj-rs"]]
version = "rev:7f05dc75e8e2ac160917355a73234dd96810dec4"
backend = "cargo:https://github.com/mogura-rs/mdtraj-rs"

[[tools."cargo:https://github.com/mogura-rs/mmterm-rs"]]
version = "rev:84c2a4edf6bb6d5671541e772894bd12701ef081"
backend = "cargo:https://github.com/mogura-rs/mmterm-rs"

[[tools."cargo:https://github.com/nooscraft/tokuin"]]
version = "rev:046ae29dd23fc630bdfe29b35255e0643e09c169"
backend = "cargo:https://github.com/nooscraft/tokuin"

[[tools."cargo:https://github.com/pamburus/termframe.git"]]
version = "rev:7924d1cddae51ea218bae33661cad8deb58c73cc"
backend = "cargo:https://github.com/pamburus/termframe.git"

[[tools."cargo:https://github.com/sib-swiss/termal.git"]]
version = "rev:27b52c1e85a7ed40967d083ae60a7de6873459e8"
backend = "cargo:https://github.com/sib-swiss/termal.git"

[[tools."cargo:https://github.com/th2ch-g/kanban.git"]]
version = "rev:4011b9915a2f956d2db6b3f02390a52cca255b73"
backend = "cargo:https://github.com/th2ch-g/kanban.git"

[tools."cargo:https://github.com/th2ch-g/kanban.git".options]
crate = "kanban"

[[tools."cargo:https://github.com/tsaitoh/concal.git"]]
version = "rev:f4cbce4369ea55915ebc382998b7c6817b7a4f14"
backend = "cargo:https://github.com/tsaitoh/concal.git"

[tools."cargo:https://github.com/tsaitoh/concal.git".options]
crate = "concal"

[[tools."cargo:https://github.com/uutils/coreutils"]]
version = "rev:f2c5fec936fbcfa55e98c31321cc936ac401c562"
backend = "cargo:https://github.com/uutils/coreutils"

[tools."cargo:https://github.com/uutils/coreutils".options]
crate = "coreutils"

[[tools."cargo:https://github.com/zmactep/pymol-rs"]]
version = "rev:38c9959165ba867a5965e9fe0c02f958f22937ea"
backend = "cargo:https://github.com/zmactep/pymol-rs"

[[tools."cargo:hyperfine"]]
version = "1.20.0"
backend = "cargo:hyperfine"

[[tools."cargo:jaq"]]
version = "3.1.1"
backend = "cargo:jaq"

[[tools."cargo:jj-cli"]]
version = "0.44.0"
backend = "cargo:jj-cli"

[[tools."cargo:just"]]
version = "1.58.0"
backend = "cargo:just"

[[tools."cargo:mdbook"]]
version = "0.5.4"
backend = "cargo:mdbook"

[[tools."cargo:mprocs"]]
version = "0.9.6"
backend = "cargo:mprocs"

[[tools."cargo:nviwatch"]]
version = "0.2.4"
backend = "cargo:nviwatch"

[[tools."cargo:ouch"]]
version = "0.8.0"
backend = "cargo:ouch"

[[tools."cargo:pastel"]]
version = "0.12.0"
backend = "cargo:pastel"

[[tools."cargo:presenterm"]]
version = "0.16.1"
backend = "cargo:presenterm"

[[tools."cargo:procs"]]
version = "0.14.12"
backend = "cargo:procs"

[[tools."cargo:prs-cli"]]
version = "0.5.7"
backend = "cargo:prs-cli"

[[tools."cargo:pueue"]]
version = "4.0.4"
backend = "cargo:pueue"

[[tools."cargo:r-matrix"]]
version = "2.0.6"
backend = "cargo:r-matrix"

[[tools."cargo:ripgrep"]]
version = "15.2.0"
backend = "cargo:ripgrep"

[[tools."cargo:ripgrep_all"]]
version = "0.10.10"
backend = "cargo:ripgrep_all"

[[tools."cargo:rnr"]]
version = "0.5.1"
backend = "cargo:rnr"

[[tools."cargo:rust-script"]]
version = "0.36.0"
backend = "cargo:rust-script"

[[tools."cargo:sccache"]]
version = "0.17.0"
backend = "cargo:sccache"

[[tools."cargo:sd"]]
version = "1.0.0"
backend = "cargo:sd"

[[tools."cargo:sheldon"]]
version = "0.8.5"
backend = "cargo:sheldon"

[[tools."cargo:silicon"]]
version = "0.5.2"
backend = "cargo:silicon"

[[tools."cargo:skim"]]
version = "5.6.3"
backend = "cargo:skim"

[[tools."cargo:stylua"]]
version = "2.5.2"
backend = "cargo:stylua"

[[tools."cargo:taplo-cli"]]
version = "0.10.0"
backend = "cargo:taplo-cli"

[[tools."cargo:tealdeer"]]
version = "1.7.3"
backend = "cargo:tealdeer"

[[tools."cargo:tokei"]]
version = "14.0.0"
backend = "cargo:tokei"

[[tools."cargo:tre-command"]]
version = "0.4.0"
backend = "cargo:tre-command"

[[tools."cargo:trunk"]]
version = "0.21.14"
backend = "cargo:trunk"

[[tools."cargo:typos-cli"]]
version = "1.49.0"
backend = "cargo:typos-cli"

[[tools."cargo:viu"]]
version = "1.6.1"
backend = "cargo:viu"

[[tools."cargo:watchexec-cli"]]
version = "2.5.1"
backend = "cargo:watchexec-cli"

[[tools."cargo:wild-linker"]]
version = "0.10.0"
backend = "cargo:wild-linker"

[[tools."cargo:xh"]]
version = "0.26.2"
backend = "cargo:xh"

[[tools."cargo:yazi-fm"]]
version = "26.5.6"
backend = "cargo:yazi-fm"

[[tools."cargo:zoxide"]]
version = "0.10.0"
backend = "cargo:zoxide"

[[tools.claude]]
version = "2.1.224"
backend = "aqua:anthropics/claude-code"

[tools.claude."platforms.linux-arm64"]
url = "https://storage.googleapis.com/claude-code-dist-86c565f3-f756-42ad-8dfa-d59b1c096819/claude-code-releases/2.1.224/linux-arm64/claude"

[tools.claude."platforms.linux-x64"]
url = "https://storage.googleapis.com/claude-code-dist-86c565f3-f756-42ad-8dfa-d59b1c096819/claude-code-releases/2.1.224/linux-x64/claude"

[tools.claude."platforms.macos-arm64"]
url = "https://storage.googleapis.com/claude-code-dist-86c565f3-f756-42ad-8dfa-d59b1c096819/claude-code-releases/2.1.224/darwin-arm64/claude"

[[tools.cmake]]
version = "4.4.2"
backend = "aqua:Kitware/CMake"

[tools.cmake."platforms.linux-arm64"]
checksum = "sha256:9ca1aadb4451c5dcbdc67f9b4aff42dab52abbaebd8db9e2900026502dbed671"
url = "https://github.com/Kitware/CMake/releases/download/v4.4.2/cmake-4.4.2-linux-aarch64.tar.gz"
url_api = "https://api.github.com/repos/Kitware/CMake/releases/assets/496776579"

[tools.cmake."platforms.linux-x64"]
checksum = "sha256:3ada9a3f5d8a85413579bdd0ea6aa8e8da86efdd6d15c91a1afa517f2021956c"
url = "https://github.com/Kitware/CMake/releases/download/v4.4.2/cmake-4.4.2-linux-x86_64.tar.gz"
url_api = "https://api.github.com/repos/Kitware/CMake/releases/assets/496776689"

[tools.cmake."platforms.macos-arm64"]
checksum = "sha256:800fc86838e913fff969b499886c80baeb4ccfd00f0e39906b34aa334f39ab6c"
url = "https://github.com/Kitware/CMake/releases/download/v4.4.2/cmake-4.4.2-macos-universal.tar.gz"
url_api = "https://api.github.com/repos/Kitware/CMake/releases/assets/496776845"

[[tools.codex]]
version = "0.146.1"
backend = "aqua:openai/codex"

[tools.codex."platforms.linux-arm64"]
checksum = "sha256:a72b2bd37dd69ece77f5584a418bc34ecfa4b28e769727134a1d604b4b2b8e5f"
url = "https://github.com/openai/codex/releases/download/rust-v0.146.1/codex-package-aarch64-unknown-linux-musl.tar.gz"
url_api = "https://api.github.com/repos/openai/codex/releases/assets/502807806"

[tools.codex."platforms.linux-x64"]
checksum = "sha256:15d9b6aaa47ee02743266581f8ab96b6049e3a2a13a82fbd7920745ba9fc34cb"
url = "https://github.com/openai/codex/releases/download/rust-v0.146.1/codex-package-x86_64-unknown-linux-musl.tar.gz"
url_api = "https://api.github.com/repos/openai/codex/releases/assets/502807717"

[tools.codex."platforms.macos-arm64"]
checksum = "sha256:a0be385972f38d02e81f9b40de1f842daf8354636fc295666b8630d2f6a5aec6"
url = "https://github.com/openai/codex/releases/download/rust-v0.146.1/codex-package-aarch64-apple-darwin.tar.gz"
url_api = "https://api.github.com/repos/openai/codex/releases/assets/502807854"

[[tools.fzf]]
version = "0.74.2"
backend = "aqua:junegunn/fzf"

[tools.fzf."platforms.linux-arm64"]
checksum = "sha256:1373e3f5ed3c468179d4529942ddd96c234bcad1bcacaf238916e26a5234b5b2"
url = "https://github.com/junegunn/fzf/releases/download/v0.74.2/fzf-0.74.2-linux_arm64.tar.gz"
url_api = "https://api.github.com/repos/junegunn/fzf/releases/assets/497342620"

[tools.fzf."platforms.linux-x64"]
checksum = "sha256:b3648f48675612b69ee35371cf6dc99ca96d767e89b912d079080916ac8ba8bd"
url = "https://github.com/junegunn/fzf/releases/download/v0.74.2/fzf-0.74.2-linux_amd64.tar.gz"
url_api = "https://api.github.com/repos/junegunn/fzf/releases/assets/497342478"

[tools.fzf."platforms.macos-arm64"]
checksum = "sha256:d60ddb36356566ac69bae7c3504e888916cf747c9ad2132141c09229b1e28dee"
url = "https://github.com/junegunn/fzf/releases/download/v0.74.2/fzf-0.74.2-darwin_arm64.tar.gz"
url_api = "https://api.github.com/repos/junegunn/fzf/releases/assets/497342630"

[[tools.gh]]
version = "2.97.0"
backend = "aqua:cli/cli"

[tools.gh."platforms.linux-arm64"]
checksum = "sha256:73ea440ecad9c9e284429997ee6f93577bc6f7bc6fba357ef62c53ad8fb641a5"
url = "https://github.com/cli/cli/releases/download/v2.97.0/gh_2.97.0_linux_arm64.tar.gz"
url_api = "https://api.github.com/repos/cli/cli/releases/assets/496108278"
provenance = "github-attestations"

[tools.gh."platforms.linux-x64"]
checksum = "sha256:a2c9b8497e1f85b1ad0dfcb78b5a622e098801b8e461e459e88e1ee12f018112"
url = "https://github.com/cli/cli/releases/download/v2.97.0/gh_2.97.0_linux_amd64.tar.gz"
url_api = "https://api.github.com/repos/cli/cli/releases/assets/496108269"
provenance = "github-attestations"

[tools.gh."platforms.macos-arm64"]
checksum = "sha256:a58b8fd77b417a38f47a0b54d1370c59b0fcdb324ccc9ca002b0998f7c4c999e"
url = "https://github.com/cli/cli/releases/download/v2.97.0/gh_2.97.0_macOS_arm64.zip"
url_api = "https://api.github.com/repos/cli/cli/releases/assets/496108298"
provenance = "github-attestations"

[[tools.neovim]]
version = "0.12.4"
backend = "aqua:neovim/neovim"

[tools.neovim."platforms.linux-arm64"]
checksum = "sha256:ceb7e88c6b681f0515d135dcdfad54f5eb4373b25ce6172197cd9a69c758063f"
url = "https://github.com/neovim/neovim/releases/download/v0.12.4/nvim-linux-arm64.tar.gz"
url_api = "https://api.github.com/repos/neovim/neovim/releases/assets/467170628"

[tools.neovim."platforms.linux-x64"]
checksum = "sha256:012bf3fcac5ade43914df3f174668bf64d05e049a4f032a388c027b1ebd78628"
url = "https://github.com/neovim/neovim/releases/download/v0.12.4/nvim-linux-x86_64.tar.gz"
url_api = "https://api.github.com/repos/neovim/neovim/releases/assets/467170630"

[tools.neovim."platforms.macos-arm64"]
checksum = "sha256:51ab83afa66d663627c2ab1be43209b0f4e81360d4598b53efaa4d8195f24c89"
url = "https://github.com/neovim/neovim/releases/download/v0.12.4/nvim-macos-arm64.tar.gz"
url_api = "https://api.github.com/repos/neovim/neovim/releases/assets/467170626"

[[tools.node]]
version = "24.19.0"
backend = "core:node"

[tools.node."platforms.linux-arm64"]
checksum = "sha256:d28c8a5bf0a808f0ed434a1dce8c54ae98f0371c0bd86ac58abc613f73e6643f"
url = "https://nodejs.org/dist/v24.19.0/node-v24.19.0-linux-arm64.tar.gz"

[tools.node."platforms.linux-x64"]
checksum = "sha256:f625d97cd707df4ff96254916fbc5ff014f09c09effe5a1e0ca8f6d41a8789d4"
url = "https://nodejs.org/dist/v24.19.0/node-v24.19.0-linux-x64.tar.gz"

[tools.node."platforms.macos-arm64"]
checksum = "sha256:8294b7aa9b03997481c06babf1e8b270c859358f27da57a11509afe537ac381d"
url = "https://nodejs.org/dist/v24.19.0/node-v24.19.0-darwin-arm64.tar.gz"

[[tools."pipx:claude-swap"]]
version = "0.24.1"
backend = "pipx:claude-swap"

[[tools."pipx:git+https://github.com/github/spec-kit.git"]]
version = "684b3d8e05263a7c1948d3d0699ab1cb4f77c3d5"
backend = "pipx:git+https://github.com/github/spec-kit.git"

[[tools."pipx:git+https://github.com/th2ch-g/tmplot.git"]]
version = "c0dc1c7b2484b55ca8b12e3a7037fbf76974f120"
backend = "pipx:git+https://github.com/th2ch-g/tmplot.git"

[[tools."pipx:gitingest"]]
version = "0.3.1"
backend = "pipx:gitingest"

[[tools."pipx:kaggle"]]
version = "2.2.4"
backend = "pipx:kaggle"

[[tools."pipx:lizard"]]
version = "1.23.0"
backend = "pipx:lizard"

[[tools."pipx:markitdown"]]
version = "0.1.7"
backend = "pipx:markitdown"

[[tools."pipx:maturin"]]
version = "1.14.1"
backend = "pipx:maturin"

[[tools."pipx:nvitop"]]
version = "1.7.1"
backend = "pipx:nvitop"

[[tools."pipx:openshell"]]
version = "0.0.101"
backend = "pipx:openshell"

[[tools."pipx:rendercv"]]
version = "2.8"
backend = "pipx:rendercv"

[[tools."pipx:terminaltexteffects"]]
version = "0.15.0"
backend = "pipx:terminaltexteffects"

[[tools.pre-commit]]
version = "4.6.1"
backend = "aqua:pre-commit/pre-commit"

[tools.pre-commit."platforms.linux-arm64"]
checksum = "sha256:6768cc8f4f810509b9272211c70ef7bb405c52da2ba81b673b2c361a72f1815d"
url = "https://github.com/pre-commit/pre-commit/releases/download/v4.6.1/pre-commit-4.6.1.pyz"
url_api = "https://api.github.com/repos/pre-commit/pre-commit/releases/assets/485150759"

[tools.pre-commit."platforms.linux-x64"]
checksum = "sha256:6768cc8f4f810509b9272211c70ef7bb405c52da2ba81b673b2c361a72f1815d"
url = "https://github.com/pre-commit/pre-commit/releases/download/v4.6.1/pre-commit-4.6.1.pyz"
url_api = "https://api.github.com/repos/pre-commit/pre-commit/releases/assets/485150759"

[tools.pre-commit."platforms.macos-arm64"]
checksum = "sha256:6768cc8f4f810509b9272211c70ef7bb405c52da2ba81b673b2c361a72f1815d"
url = "https://github.com/pre-commit/pre-commit/releases/download/v4.6.1/pre-commit-4.6.1.pyz"
url_api = "https://api.github.com/repos/pre-commit/pre-commit/releases/assets/485150759"

[[tools.rust]]
version = "stable"
backend = "core:rust"

[tools.rust.options]
components = "clippy,rustfmt"

[[tools.tmux]]
version = "3.7b"
backend = "aqua:tmux/tmux-builds"

[tools.tmux."platforms.linux-arm64"]
checksum = "sha256:b2955782695283fbc3682a2f77d65616f53b986ee3cf3d80618d3b1cb95b91a6"
url = "https://github.com/tmux/tmux-builds/releases/download/v3.7b/tmux-3.7b-linux-arm64.tar.gz"
url_api = "https://api.github.com/repos/tmux/tmux-builds/releases/assets/465072868"

[tools.tmux."platforms.linux-x64"]
checksum = "sha256:f85e6c1c412750a774eb3f370f33bad05fc726fb8b6a0b174ad6f0b6d954df58"
url = "https://github.com/tmux/tmux-builds/releases/download/v3.7b/tmux-3.7b-linux-x86_64.tar.gz"
url_api = "https://api.github.com/repos/tmux/tmux-builds/releases/assets/465072866"

[tools.tmux."platforms.macos-arm64"]
checksum = "sha256:ee66dbcd49613eb41dc6b2f3abc5cd39d9135d67b7dfef1fdb180a3dbdc01f1e"
url = "https://github.com/tmux/tmux-builds/releases/download/v3.7b/tmux-3.7b-macos-arm64.tar.gz"
url_api = "https://api.github.com/repos/tmux/tmux-builds/releases/assets/465072864"

[[tools.typst]]
version = "0.15.1"
backend = "aqua:typst/typst"

[tools.typst."platforms.linux-arm64"]
checksum = "sha256:5aa8d74a3d906e60ea12a66ac2f37f8eef1b14cbad7182a745e393a10c23dcee"
url = "https://github.com/typst/typst/releases/download/v0.15.1/typst-aarch64-unknown-linux-musl.tar.xz"
url_api = "https://api.github.com/repos/typst/typst/releases/assets/480300408"

[tools.typst."platforms.linux-x64"]
checksum = "sha256:a6d077d0a95eed5a2eba715b2dae06be954f624ccbf85758a03f389ded33118c"
url = "https://github.com/typst/typst/releases/download/v0.15.1/typst-x86_64-unknown-linux-musl.tar.xz"
url_api = "https://api.github.com/repos/typst/typst/releases/assets/480300761"

[tools.typst."platforms.macos-arm64"]
checksum = "sha256:48f62ed034aa3a7978309579ac6ca00045e2ef0da73114e8af27cfd8e74dc05a"
url = "https://github.com/typst/typst/releases/download/v0.15.1/typst-aarch64-apple-darwin.tar.xz"
url_api = "https://api.github.com/repos/typst/typst/releases/assets/480299147"

[[tools.uv]]
version = "0.12.2"
backend = "aqua:astral-sh/uv"

[tools.uv."platforms.linux-arm64"]
checksum = "sha256:73b87f0d65d7dfcd39753a51ce65592360b02c29f8e1bc2c85cc4190fe914499"
url = "https://github.com/astral-sh/uv/releases/download/0.12.2/uv-aarch64-unknown-linux-musl.tar.gz"
url_api = "https://api.github.com/repos/astral-sh/uv/releases/assets/502996507"
provenance = "github-attestations"

[tools.uv."platforms.linux-x64"]
checksum = "sha256:2dbe8209c9592f6d1009b8565f4bf29813427907bee2236023c013101ede343f"
url = "https://github.com/astral-sh/uv/releases/download/0.12.2/uv-x86_64-unknown-linux-musl.tar.gz"
url_api = "https://api.github.com/repos/astral-sh/uv/releases/assets/502996593"
provenance = "github-attestations"

[tools.uv."platforms.macos-arm64"]
checksum = "sha256:fa909fea3bc06f460db79017030a221fdbc43ec4478f089cb554d8335c090817"
url = "https://github.com/astral-sh/uv/releases/download/0.12.2/uv-aarch64-apple-darwin.tar.gz"
url_api = "https://api.github.com/repos/astral-sh/uv/releases/assets/502996487"
provenance = "github-attestations"

[[tools.vhs]]
version = "0.11.0"
backend = "aqua:charmbracelet/vhs"

[tools.vhs."platforms.linux-arm64"]
checksum = "sha256:af782cddbf844a377df6ea41c0e72339393fa021be3f6cb70a2f47d48675d92b"
url = "https://github.com/charmbracelet/vhs/releases/download/v0.11.0/vhs_0.11.0_Linux_arm64.tar.gz"
url_api = "https://api.github.com/repos/charmbracelet/vhs/releases/assets/370996180"
provenance = "cosign"

[tools.vhs."platforms.linux-x64"]
checksum = "sha256:99cb634587eaae0473c1ea377db80c3a048c27f99fe0a7febb1a1e8cb7ee5009"
url = "https://github.com/charmbracelet/vhs/releases/download/v0.11.0/vhs_0.11.0_Linux_x86_64.tar.gz"
url_api = "https://api.github.com/repos/charmbracelet/vhs/releases/assets/370996187"
provenance = "cosign"

[tools.vhs."platforms.macos-arm64"]
checksum = "sha256:eec91ee450ba50b6d4fce2800593b2ac5fdd88a73056367d2c3b870ee44de3f7"
url = "https://github.com/charmbracelet/vhs/releases/download/v0.11.0/vhs_0.11.0_Darwin_arm64.tar.gz"
url_api = "https://api.github.com/repos/charmbracelet/vhs/releases/assets/370996182"
provenance = "cosign"
