# @generated - this file is auto-generated by `mise lock` https://mise.jdx.dev/dev-tools/mise-lock.html

[[tools.claude]]
version = "2.1.224"
backend = "aqua:anthropics/claude-code"

[tools.claude."platforms.linux-arm64"]
url = "https://storage.googleapis.com/claude-code-dist-86c565f3-f756-42ad-8dfa-d59b1c096819/claude-code-releases/2.1.224/linux-arm64/claude"

[tools.claude."platforms.linux-x64"]
url = "https://storage.googleapis.com/claude-code-dist-86c565f3-f756-42ad-8dfa-d59b1c096819/claude-code-releases/2.1.224/linux-x64/claude"

[tools.claude."platforms.macos-arm64"]
url = "https://storage.googleapis.com/claude-code-dist-86c565f3-f756-42ad-8dfa-d59b1c096819/claude-code-releases/2.1.224/darwin-arm64/claude"

[[tools.cmake]]
version = "4.4.2"
backend = "aqua:Kitware/CMake"

[tools.cmake."platforms.linux-arm64"]
checksum = "sha256:9ca1aadb4451c5dcbdc67f9b4aff42dab52abbaebd8db9e2900026502dbed671"
url = "https://github.com/Kitware/CMake/releases/download/v4.4.2/cmake-4.4.2-linux-aarch64.tar.gz"
url_api = "https://api.github.com/repos/Kitware/CMake/releases/assets/496776579"

[tools.cmake."platforms.linux-x64"]
checksum = "sha256:3ada9a3f5d8a85413579bdd0ea6aa8e8da86efdd6d15c91a1afa517f2021956c"
url = "https://github.com/Kitware/CMake/releases/download/v4.4.2/cmake-4.4.2-linux-x86_64.tar.gz"
url_api = "https://api.github.com/repos/Kitware/CMake/releases/assets/496776689"

[tools.cmake."platforms.macos-arm64"]
checksum = "sha256:800fc86838e913fff969b499886c80baeb4ccfd00f0e39906b34aa334f39ab6c"
url = "https://github.com/Kitware/CMake/releases/download/v4.4.2/cmake-4.4.2-macos-universal.tar.gz"
url_api = "https://api.github.com/repos/Kitware/CMake/releases/assets/496776845"

[[tools.fzf]]
version = "0.74.2"
backend = "aqua:junegunn/fzf"

[tools.fzf."platforms.linux-arm64"]
checksum = "sha256:1373e3f5ed3c468179d4529942ddd96c234bcad1bcacaf238916e26a5234b5b2"
url = "https://github.com/junegunn/fzf/releases/download/v0.74.2/fzf-0.74.2-linux_arm64.tar.gz"
url_api = "https://api.github.com/repos/junegunn/fzf/releases/assets/497342620"

[tools.fzf."platforms.linux-x64"]
checksum = "sha256:b3648f48675612b69ee35371cf6dc99ca96d767e89b912d079080916ac8ba8bd"
url = "https://github.com/junegunn/fzf/releases/download/v0.74.2/fzf-0.74.2-linux_amd64.tar.gz"
url_api = "https://api.github.com/repos/junegunn/fzf/releases/assets/497342478"

[tools.fzf."platforms.macos-arm64"]
checksum = "sha256:d60ddb36356566ac69bae7c3504e888916cf747c9ad2132141c09229b1e28dee"
url = "https://github.com/junegunn/fzf/releases/download/v0.74.2/fzf-0.74.2-darwin_arm64.tar.gz"
url_api = "https://api.github.com/repos/junegunn/fzf/releases/assets/497342630"

[[tools.gh]]
version = "2.97.0"
backend = "aqua:cli/cli"

[tools.gh."platforms.linux-arm64"]
checksum = "sha256:73ea440ecad9c9e284429997ee6f93577bc6f7bc6fba357ef62c53ad8fb641a5"
url = "https://github.com/cli/cli/releases/download/v2.97.0/gh_2.97.0_linux_arm64.tar.gz"
url_api = "https://api.github.com/repos/cli/cli/releases/assets/496108278"
provenance = "github-attestations"

[tools.gh."platforms.linux-x64"]
checksum = "sha256:a2c9b8497e1f85b1ad0dfcb78b5a622e098801b8e461e459e88e1ee12f018112"
url = "https://github.com/cli/cli/releases/download/v2.97.0/gh_2.97.0_linux_amd64.tar.gz"
url_api = "https://api.github.com/repos/cli/cli/releases/assets/496108269"
provenance = "github-attestations"

[tools.gh."platforms.macos-arm64"]
checksum = "sha256:a58b8fd77b417a38f47a0b54d1370c59b0fcdb324ccc9ca002b0998f7c4c999e"
url = "https://github.com/cli/cli/releases/download/v2.97.0/gh_2.97.0_macOS_arm64.zip"
url_api = "https://api.github.com/repos/cli/cli/releases/assets/496108298"
provenance = "github-attestations"

[[tools.neovim]]
version = "0.12.4"
backend = "aqua:neovim/neovim"

[tools.neovim."platforms.linux-arm64"]
checksum = "sha256:ceb7e88c6b681f0515d135dcdfad54f5eb4373b25ce6172197cd9a69c758063f"
url = "https://github.com/neovim/neovim/releases/download/v0.12.4/nvim-linux-arm64.tar.gz"
url_api = "https://api.github.com/repos/neovim/neovim/releases/assets/467170628"

[tools.neovim."platforms.linux-x64"]
checksum = "sha256:012bf3fcac5ade43914df3f174668bf64d05e049a4f032a388c027b1ebd78628"
url = "https://github.com/neovim/neovim/releases/download/v0.12.4/nvim-linux-x86_64.tar.gz"
url_api = "https://api.github.com/repos/neovim/neovim/releases/assets/467170630"

[tools.neovim."platforms.macos-arm64"]
checksum = "sha256:51ab83afa66d663627c2ab1be43209b0f4e81360d4598b53efaa4d8195f24c89"
url = "https://github.com/neovim/neovim/releases/download/v0.12.4/nvim-macos-arm64.tar.gz"
url_api = "https://api.github.com/repos/neovim/neovim/releases/assets/467170626"

[[tools.node]]
version = "24.19.0"
backend = "core:node"

[tools.node."platforms.linux-arm64"]
checksum = "sha256:d28c8a5bf0a808f0ed434a1dce8c54ae98f0371c0bd86ac58abc613f73e6643f"
url = "https://nodejs.org/dist/v24.19.0/node-v24.19.0-linux-arm64.tar.gz"

[tools.node."platforms.linux-x64"]
checksum = "sha256:f625d97cd707df4ff96254916fbc5ff014f09c09effe5a1e0ca8f6d41a8789d4"
url = "https://nodejs.org/dist/v24.19.0/node-v24.19.0-linux-x64.tar.gz"

[tools.node."platforms.macos-arm64"]
checksum = "sha256:8294b7aa9b03997481c06babf1e8b270c859358f27da57a11509afe537ac381d"
url = "https://nodejs.org/dist/v24.19.0/node-v24.19.0-darwin-arm64.tar.gz"

[[tools.tmux]]
version = "3.7b"
backend = "aqua:tmux/tmux-builds"

[tools.tmux."platforms.linux-arm64"]
checksum = "sha256:b2955782695283fbc3682a2f77d65616f53b986ee3cf3d80618d3b1cb95b91a6"
url = "https://github.com/tmux/tmux-builds/releases/download/v3.7b/tmux-3.7b-linux-arm64.tar.gz"
url_api = "https://api.github.com/repos/tmux/tmux-builds/releases/assets/465072868"

[tools.tmux."platforms.linux-x64"]
checksum = "sha256:f85e6c1c412750a774eb3f370f33bad05fc726fb8b6a0b174ad6f0b6d954df58"
url = "https://github.com/tmux/tmux-builds/releases/download/v3.7b/tmux-3.7b-linux-x86_64.tar.gz"
url_api = "https://api.github.com/repos/tmux/tmux-builds/releases/assets/465072866"

[tools.tmux."platforms.macos-arm64"]
checksum = "sha256:ee66dbcd49613eb41dc6b2f3abc5cd39d9135d67b7dfef1fdb180a3dbdc01f1e"
url = "https://github.com/tmux/tmux-builds/releases/download/v3.7b/tmux-3.7b-macos-arm64.tar.gz"
url_api = "https://api.github.com/repos/tmux/tmux-builds/releases/assets/465072864"

[[tools.typst]]
version = "0.15.1"
backend = "aqua:typst/typst"

[tools.typst."platforms.linux-arm64"]
checksum = "sha256:5aa8d74a3d906e60ea12a66ac2f37f8eef1b14cbad7182a745e393a10c23dcee"
url = "https://github.com/typst/typst/releases/download/v0.15.1/typst-aarch64-unknown-linux-musl.tar.xz"
url_api = "https://api.github.com/repos/typst/typst/releases/assets/480300408"

[tools.typst."platforms.linux-x64"]
checksum = "sha256:a6d077d0a95eed5a2eba715b2dae06be954f624ccbf85758a03f389ded33118c"
url = "https://github.com/typst/typst/releases/download/v0.15.1/typst-x86_64-unknown-linux-musl.tar.xz"
url_api = "https://api.github.com/repos/typst/typst/releases/assets/480300761"

[tools.typst."platforms.macos-arm64"]
checksum = "sha256:48f62ed034aa3a7978309579ac6ca00045e2ef0da73114e8af27cfd8e74dc05a"
url = "https://github.com/typst/typst/releases/download/v0.15.1/typst-aarch64-apple-darwin.tar.xz"
url_api = "https://api.github.com/repos/typst/typst/releases/assets/480299147"

[[tools.uv]]
version = "0.12.2"
backend = "aqua:astral-sh/uv"

[tools.uv."platforms.linux-arm64"]
checksum = "sha256:73b87f0d65d7dfcd39753a51ce65592360b02c29f8e1bc2c85cc4190fe914499"
url = "https://github.com/astral-sh/uv/releases/download/0.12.2/uv-aarch64-unknown-linux-musl.tar.gz"
url_api = "https://api.github.com/repos/astral-sh/uv/releases/assets/502996507"
provenance = "github-attestations"

[tools.uv."platforms.linux-x64"]
checksum = "sha256:2dbe8209c9592f6d1009b8565f4bf29813427907bee2236023c013101ede343f"
url = "https://github.com/astral-sh/uv/releases/download/0.12.2/uv-x86_64-unknown-linux-musl.tar.gz"
url_api = "https://api.github.com/repos/astral-sh/uv/releases/assets/502996593"
provenance = "github-attestations"

[tools.uv."platforms.macos-arm64"]
checksum = "sha256:fa909fea3bc06f460db79017030a221fdbc43ec4478f089cb554d8335c090817"
url = "https://github.com/astral-sh/uv/releases/download/0.12.2/uv-aarch64-apple-darwin.tar.gz"
url_api = "https://api.github.com/repos/astral-sh/uv/releases/assets/502996487"
provenance = "github-attestations"

[[tools.vhs]]
version = "0.11.0"
backend = "aqua:charmbracelet/vhs"

[tools.vhs."platforms.linux-arm64"]
checksum = "sha256:af782cddbf844a377df6ea41c0e72339393fa021be3f6cb70a2f47d48675d92b"
url = "https://github.com/charmbracelet/vhs/releases/download/v0.11.0/vhs_0.11.0_Linux_arm64.tar.gz"
url_api = "https://api.github.com/repos/charmbracelet/vhs/releases/assets/370996180"
provenance = "cosign"

[tools.vhs."platforms.linux-x64"]
checksum = "sha256:99cb634587eaae0473c1ea377db80c3a048c27f99fe0a7febb1a1e8cb7ee5009"
url = "https://github.com/charmbracelet/vhs/releases/download/v0.11.0/vhs_0.11.0_Linux_x86_64.tar.gz"
url_api = "https://api.github.com/repos/charmbracelet/vhs/releases/assets/370996187"
provenance = "cosign"

[tools.vhs."platforms.macos-arm64"]
checksum = "sha256:eec91ee450ba50b6d4fce2800593b2ac5fdd88a73056367d2c3b870ee44de3f7"
url = "https://github.com/charmbracelet/vhs/releases/download/v0.11.0/vhs_0.11.0_Darwin_arm64.tar.gz"
url_api = "https://api.github.com/repos/charmbracelet/vhs/releases/assets/370996182"
provenance = "cosign"
