# @generated - this file is auto-generated by `mise lock` https://mise.jdx.dev/dev-tools/mise-lock.html

[[tools."aqua:tamasfe/taplo"]]
version = "0.10.0"
backend = "aqua:tamasfe/taplo"

[tools."aqua:tamasfe/taplo"."platforms.linux-arm64"]
url = "https://github.com/tamasfe/taplo/releases/download/0.10.0/taplo-linux-aarch64.gz"
url_api = "https://api.github.com/repos/tamasfe/taplo/releases/assets/257322597"

[tools."aqua:tamasfe/taplo"."platforms.linux-x64"]
url = "https://github.com/tamasfe/taplo/releases/download/0.10.0/taplo-linux-x86_64.gz"
url_api = "https://api.github.com/repos/tamasfe/taplo/releases/assets/257322600"

[tools."aqua:tamasfe/taplo"."platforms.macos-arm64"]
url = "https://github.com/tamasfe/taplo/releases/download/0.10.0/taplo-darwin-aarch64.gz"
url_api = "https://api.github.com/repos/tamasfe/taplo/releases/assets/257323110"

[[tools.pre-commit]]
version = "4.6.1"
backend = "aqua:pre-commit/pre-commit"

[tools.pre-commit."platforms.linux-arm64"]
checksum = "sha256:6768cc8f4f810509b9272211c70ef7bb405c52da2ba81b673b2c361a72f1815d"
url = "https://github.com/pre-commit/pre-commit/releases/download/v4.6.1/pre-commit-4.6.1.pyz"
url_api = "https://api.github.com/repos/pre-commit/pre-commit/releases/assets/485150759"

[tools.pre-commit."platforms.linux-x64"]
checksum = "sha256:6768cc8f4f810509b9272211c70ef7bb405c52da2ba81b673b2c361a72f1815d"
url = "https://github.com/pre-commit/pre-commit/releases/download/v4.6.1/pre-commit-4.6.1.pyz"
url_api = "https://api.github.com/repos/pre-commit/pre-commit/releases/assets/485150759"

[tools.pre-commit."platforms.macos-arm64"]
checksum = "sha256:6768cc8f4f810509b9272211c70ef7bb405c52da2ba81b673b2c361a72f1815d"
url = "https://github.com/pre-commit/pre-commit/releases/download/v4.6.1/pre-commit-4.6.1.pyz"
url_api = "https://api.github.com/repos/pre-commit/pre-commit/releases/assets/485150759"
